
Microsoft Visual Studio Solution File, Format Version 12.00
# Visual Studio Version 17
VisualStudioVersion = 17.0.32112.339
MinimumVisualStudioVersion = 10.0.40219.1
Project("{FAE04EC0-301F-11D3-BF4B-00C04F79EFBC}") = "CompanySearcher", "CompanySearcher\CompanySearcher.csproj", "{16668185-613B-4792-9077-B2FCB046713C}"
EndProject
Global
	GlobalSection(SolutionConfigurationPlatforms) = preSolution
		Debug|Any CPU = Debug|Any CPU
		Release|Any CPU = Release|Any CPU
	EndGlobalSection
	GlobalSection(ProjectConfigurationPlatforms) = postSolution
		{16668185-613B-4792-9077-B2FCB046713C}.Debug|Any CPU.ActiveCfg = Debug|Any CPU
		{16668185-613B-4792-9077-B2FCB046713C}.Debug|Any CPU.Build.0 = Debug|Any CPU
		{16668185-613B-4792-9077-B2FCB046713C}.Release|Any CPU.ActiveCfg = Release|Any CPU
		{16668185-613B-4792-9077-B2FCB046713C}.Release|Any CPU.Build.0 = Release|Any CPU
	EndGlobalSection
	GlobalSection(SolutionProperties) = preSolution
		HideSolutionNode = FALSE
	EndGlobalSection
	GlobalSection(ExtensibilityGlobals) = postSolution
		SolutionGuid = {0E9C4F6D-E875-4AF9-8F82-C8223F8B8A88}
	EndGlobalSection
EndGlobal
